<Solution>
  <Folder Name="/src/">
    <Project Path="src/rclone-encrypt-deepseek-csharp/rclone-encrypt-deepseek-csharp.csproj" />
  </Folder>
  <Folder Name="/tests/">
    <Project Path="tests/rclone-encrypt-deepseek-csharp.Tests/rclone-encrypt-deepseek-csharp.Tests.csproj" />
  </Folder>
</Solution>
